
Microsoft Visual Studio Solution File, Format Version 12.00
# Visual Studio Version 17
VisualStudioVersion = 17.10.35004.147
MinimumVisualStudioVersion = 10.0.40219.1
Project("{FAE04EC0-301F-11D3-BF4B-00C04F79EFBC}") = "7dtd_WAILA", "7dtd_WAILA.csproj", "{99642D55-BD28-422B-8C97-8172C7378908}"
EndProject
Global
	GlobalSection(SolutionConfigurationPlatforms) = preSolution
		Debug|Any CPU = Debug|Any CPU
		Release|Any CPU = Release|Any CPU
	EndGlobalSection
	GlobalSection(ProjectConfigurationPlatforms) = postSolution
		{99642D55-BD28-422B-8C97-8172C7378908}.Debug|Any CPU.ActiveCfg = Debug|Any CPU
		{99642D55-BD28-422B-8C97-8172C7378908}.Debug|Any CPU.Build.0 = Debug|Any CPU
		{99642D55-BD28-422B-8C97-8172C7378908}.Release|Any CPU.ActiveCfg = Release|Any CPU
		{99642D55-BD28-422B-8C97-8172C7378908}.Release|Any CPU.Build.0 = Release|Any CPU
	EndGlobalSection
	GlobalSection(SolutionProperties) = preSolution
		HideSolutionNode = FALSE
	EndGlobalSection
	GlobalSection(ExtensibilityGlobals) = postSolution
		SolutionGuid = {8C3B2369-0240-4393-830D-69D2BE9DDC04}
	EndGlobalSection
EndGlobal
